
Microsoft Visual Studio Solution File, Format Version 12.00
# Visual Studio 2012
Project("{FAE04EC0-301F-11D3-BF4B-00C04F79EFBC}") = "SplitImageTool", "SplitImageTool\SplitImageTool.csproj", "{E218FB28-5652-4DF1-993D-F9C8B14F1A9C}"
EndProject
Project("{FAE04EC0-301F-11D3-BF4B-00C04F79EFBC}") = "SplitImage.Core", "SplitImage.Core\SplitImage.Core.csproj", "{916D0103-DF14-4F22-9A61-3FF238981953}"
EndProject
Global
	GlobalSection(SolutionConfigurationPlatforms) = preSolution
		Debug|Any CPU = Debug|Any CPU
		Release|Any CPU = Release|Any CPU
	EndGlobalSection
	GlobalSection(ProjectConfigurationPlatforms) = postSolution
		{E218FB28-5652-4DF1-993D-F9C8B14F1A9C}.Debug|Any CPU.ActiveCfg = Debug|Any CPU
		{E218FB28-5652-4DF1-993D-F9C8B14F1A9C}.Debug|Any CPU.Build.0 = Debug|Any CPU
		{E218FB28-5652-4DF1-993D-F9C8B14F1A9C}.Release|Any CPU.ActiveCfg = Release|Any CPU
		{E218FB28-5652-4DF1-993D-F9C8B14F1A9C}.Release|Any CPU.Build.0 = Release|Any CPU
		{916D0103-DF14-4F22-9A61-3FF238981953}.Debug|Any CPU.ActiveCfg = Debug|Any CPU
		{916D0103-DF14-4F22-9A61-3FF238981953}.Debug|Any CPU.Build.0 = Debug|Any CPU
		{916D0103-DF14-4F22-9A61-3FF238981953}.Release|Any CPU.ActiveCfg = Release|Any CPU
		{916D0103-DF14-4F22-9A61-3FF238981953}.Release|Any CPU.Build.0 = Release|Any CPU
	EndGlobalSection
	GlobalSection(SolutionProperties) = preSolution
		HideSolutionNode = FALSE
	EndGlobalSection
EndGlobal
